# THIS IS AN AUTOGENERATED FILE. DO NOT EDIT THIS FILE DIRECTLY.
# yarn lockfile v1


"@types/node@^8.0.14":
  version "8.10.58"
  resolved "https://registry.yarnpkg.com/@types/node/-/node-8.10.58.tgz#98c14ce95a634701bd2d59d52df882c0610dd0eb"
  integrity sha512-NNcUk/rAdR7Pie7WiA5NHp345dTkD62qaxqscQXVIjCjog/ZXsrG8Wo7dZMZAzE7PSpA+qR2S3TYTeFCKuBFxQ==

typescript@^3.2.2:
  version "3.6.4"
  resolved "https://registry.yarnpkg.com/typescript/-/typescript-3.6.4.tgz#b18752bb3792bc1a0281335f7f6ebf1bbfc5b91d"
  integrity sha512-unoCll1+l+YK4i4F8f22TaNVPRHcD9PA3yCuZ8g5e0qGqlVlJ/8FSateOLLSagn+Yg5+ZwuPkL8LFUc0Jcvksg==
